
Microsoft Visual Studio Solution File, Format Version 12.00
# Visual Studio Version 16
VisualStudioVersion = 16.0.31624.102
MinimumVisualStudioVersion = 10.0.40219.1
Project("{9A19103F-16F7-4668-BE54-9A1E7A4F7556}") = "00_Training", "Training\00_Training.csproj", "{4BD76354-07EC-4757-A048-141CEF906CC3}"
EndProject
Project("{9A19103F-16F7-4668-BE54-9A1E7A4F7556}") = "05_Palindrome", "Palindrome\05_Palindrome.csproj", "{90F0866A-0F52-4D19-9F94-189AC00E3B03}"
EndProject
Project("{9A19103F-16F7-4668-BE54-9A1E7A4F7556}") = "03_FindVowel", "FindVowel\03_FindVowel.csproj", "{30226A91-ADFC-49BD-ACB3-3119DA899778}"
EndProject
Project("{9A19103F-16F7-4668-BE54-9A1E7A4F7556}") = "07_SimpleCalc", "SinpleCalc\07_SimpleCalc.csproj", "{5807047C-A33C-4680-B257-1D5CD2EC8309}"
EndProject
Project("{9A19103F-16F7-4668-BE54-9A1E7A4F7556}") = "06_FishingGame", "FishingGame\06_FishingGame.csproj", "{3C6F7A61-1BC3-41BB-B887-1156B82AF62A}"
EndProject
Project("{9A19103F-16F7-4668-BE54-9A1E7A4F7556}") = "04_NextLetter", "NextLetter\04_NextLetter.csproj", "{5E8A2CD1-D0E1-45F3-98F7-CA08129A53EE}"
EndProject
Project("{9A19103F-16F7-4668-BE54-9A1E7A4F7556}") = "02_StoryBranching", "StoryBranching\02_StoryBranching.csproj", "{47D5E874-9DB2-4F4E-B3A8-61CF7888FF4A}"
EndProject
Project("{9A19103F-16F7-4668-BE54-9A1E7A4F7556}") = "08_Exceptions", "Exceptions\08_Exceptions.csproj", "{AB9F8737-950F-4AEA-A758-2E3D3D661DA3}"
EndProject
Project("{9A19103F-16F7-4668-BE54-9A1E7A4F7556}") = "01_Variables", "Variables\01_Variables.csproj", "{2C915F58-C336-4091-825C-64B89472D8F9}"
EndProject
Project("{9A19103F-16F7-4668-BE54-9A1E7A4F7556}") = "07_LinQ", "LinQ\07_LinQ.csproj", "{5E85FA67-5361-443A-AF29-0393889DB9AC}"
EndProject
Project("{2150E333-8FDC-42A3-9474-1A3956D46DE8}") = "01 Fundamentals", "01 Fundamentals", "{608E01CE-94FD-475B-B95D-EF0B50F4B5EF}"
EndProject
Project("{2150E333-8FDC-42A3-9474-1A3956D46DE8}") = "Excercises", "Excercises", "{6FB533AF-5F06-4D75-8A71-459C6936DAFE}"
EndProject
Project("{2150E333-8FDC-42A3-9474-1A3956D46DE8}") = "02 Types", "02 Types", "{7DE9F356-6482-4E3D-8F84-3B085DF57816}"
EndProject
Project("{2150E333-8FDC-42A3-9474-1A3956D46DE8}") = "02 Reference Types", "02 Reference Types", "{10CA6402-D2CA-40DB-A0CA-EF0076E0CD19}"
EndProject
Project("{2150E333-8FDC-42A3-9474-1A3956D46DE8}") = "03 Value Types", "03 Value Types", "{84B86FF6-B7E3-4628-B7D7-107EBBD25F9F}"
EndProject
Project("{2150E333-8FDC-42A3-9474-1A3956D46DE8}") = "01 Intro", "01 Intro", "{AB6ED209-DB43-4A46-ADEC-500210F85316}"
EndProject
Project("{2150E333-8FDC-42A3-9474-1A3956D46DE8}") = "03 Object Oriented Programming", "03 Object Oriented Programming", "{D4D7AF94-30D5-449B-9001-24E010FCFC95}"
EndProject
Project("{2150E333-8FDC-42A3-9474-1A3956D46DE8}") = "Class", "Class", "{8055F9B5-CA00-4682-A427-3438BA441D32}"
EndProject
Project("{2150E333-8FDC-42A3-9474-1A3956D46DE8}") = "01 Abstraction", "01 Abstraction", "{23CB3DAF-9F53-4E9E-AD42-6BD4C44499DE}"
EndProject
Project("{2150E333-8FDC-42A3-9474-1A3956D46DE8}") = "02 Encapsulation", "02 Encapsulation", "{FE549E68-BC11-48EC-A92C-161D397E2DB7}"
EndProject
Project("{2150E333-8FDC-42A3-9474-1A3956D46DE8}") = "03 Inheritance", "03 Inheritance", "{50449CC4-9780-40B1-B6EE-67B4D8940071}"
EndProject
Project("{2150E333-8FDC-42A3-9474-1A3956D46DE8}") = "04 Polymorphism", "04 Polymorphism", "{BCF1B55C-F0C0-4FA4-90FF-BFE84C95AC16}"
EndProject
Project("{2150E333-8FDC-42A3-9474-1A3956D46DE8}") = "00 Intro", "00 Intro", "{E89A31A8-58F8-44E3-8350-DB9C70B1E38A}"
EndProject
Project("{2150E333-8FDC-42A3-9474-1A3956D46DE8}") = "04 Test Driven Development", "04 Test Driven Development", "{A80B0A26-EBEE-4353-AC80-47A2BD12AEA5}"
EndProject
Project("{2150E333-8FDC-42A3-9474-1A3956D46DE8}") = "07 Entity Framework", "07 Entity Framework", "{E02CABE3-2C16-43B6-90E8-2680F0B844BC}"
EndProject
Project("{2150E333-8FDC-42A3-9474-1A3956D46DE8}") = "09 Web Frameworks", "09 Web Frameworks", "{4C6AB976-838A-4D95-A034-1CB3407E80EA}"
EndProject
Project("{2150E333-8FDC-42A3-9474-1A3956D46DE8}") = "02 MVC", "02 MVC", "{2EDB1B57-77A4-48E1-9A3A-36D9A4A544EE}"
EndProject
Project("{2150E333-8FDC-42A3-9474-1A3956D46DE8}") = "04 REST", "04 REST", "{14E7E5EE-B4A6-4152-A06A-A60484F2430F}"
EndProject
Project("{2150E333-8FDC-42A3-9474-1A3956D46DE8}") = "03 Pages", "03 Pages", "{A9A4E132-D1D4-4C43-9992-25E218116724}"
EndProject
Project("{2150E333-8FDC-42A3-9474-1A3956D46DE8}") = "06 Async Task", "06 Async Task", "{BE14F66B-7D58-494E-B0BF-D317D4AE3221}"
EndProject
Project("{2150E333-8FDC-42A3-9474-1A3956D46DE8}") = "05 Identity", "05 Identity", "{7637B2A7-07CA-4058-ABED-6A93E1A9C4E8}"
EndProject
Project("{2150E333-8FDC-42A3-9474-1A3956D46DE8}") = "01 HTTP", "01 HTTP", "{CF7438C9-5AE0-4A9B-814E-5D0BF758DCC6}"
EndProject
Project("{2150E333-8FDC-42A3-9474-1A3956D46DE8}") = "04 Generics", "04 Generics", "{FE5002A5-A259-4569-B665-2969C529A37D}"
EndProject
Project("{2150E333-8FDC-42A3-9474-1A3956D46DE8}") = "05 Version Control", "05 Version Control", "{3999FDC2-172B-4317-8E35-3D5E35C31C07}"
EndProject
Project("{2150E333-8FDC-42A3-9474-1A3956D46DE8}") = "11 Single Page Applications", "11 Single Page Applications", "{D2059413-321F-4CE7-AEA9-6B6B7C5EB293}"
EndProject
Project("{2150E333-8FDC-42A3-9474-1A3956D46DE8}") = "08 HTML, CSS", "08 HTML, CSS", "{AE958141-5A7A-438F-A0CD-46ED0BD16A30}"
EndProject
Project("{2150E333-8FDC-42A3-9474-1A3956D46DE8}") = "10 Javascript, Typescript", "10 Javascript, Typescript", "{F209C5D7-C060-4DCE-9890-9964C0336D71}"
EndProject
Project("{2150E333-8FDC-42A3-9474-1A3956D46DE8}") = "01 Angular", "01 Angular", "{0B4B2412-09D7-47FF-909E-60238361B57D}"
EndProject
Project("{2150E333-8FDC-42A3-9474-1A3956D46DE8}") = "02 React", "02 React", "{5F6DA800-833D-49DF-8D44-BA42807977CC}"
EndProject
Project("{2150E333-8FDC-42A3-9474-1A3956D46DE8}") = "03 Vue", "03 Vue", "{53B4AB13-528B-4524-817D-AADD0EEB94D9}"
EndProject
Project("{2150E333-8FDC-42A3-9474-1A3956D46DE8}") = "04 Blazor", "04 Blazor", "{BCB105DD-F410-4B8B-88A8-C4C999E39E4D}"
EndProject
Project("{2150E333-8FDC-42A3-9474-1A3956D46DE8}") = "12 Other", "12 Other", "{E33F782A-3098-483F-A557-88B490920436}"
EndProject
Project("{2150E333-8FDC-42A3-9474-1A3956D46DE8}") = "01 Kendo", "01 Kendo", "{88122811-2298-4097-AA04-25D9024C9811}"
EndProject
Project("{2150E333-8FDC-42A3-9474-1A3956D46DE8}") = "02 AutoMapper", "02 AutoMapper", "{14E56B24-8C17-49F3-BCCF-4EE910AA7366}"
EndProject
Project("{2150E333-8FDC-42A3-9474-1A3956D46DE8}") = "13 Patterns", "13 Patterns", "{6D2C7BA8-DC5B-4496-806F-6B0B40E7FB0B}"
EndProject
Project("{2150E333-8FDC-42A3-9474-1A3956D46DE8}") = "01 N-Tier", "01 N-Tier", "{83693CC8-9885-4270-9338-EA648B50A958}"
EndProject
Project("{2150E333-8FDC-42A3-9474-1A3956D46DE8}") = "02 Clean Code", "02 Clean Code", "{218E892B-8E1F-46D6-ACDA-637E40C5676A}"
EndProject
Project("{2150E333-8FDC-42A3-9474-1A3956D46DE8}") = "03 CQRS", "03 CQRS", "{F8C62CFA-59AB-4FE1-B153-5E66E6EEBFD8}"
EndProject
Project("{9A19103F-16F7-4668-BE54-9A1E7A4F7556}") = "01_Generics", "Generics\01_Generics.csproj", "{0277CDC0-F129-42AA-A7F4-0F8D13BC6B56}"
EndProject
Project("{9A19103F-16F7-4668-BE54-9A1E7A4F7556}") = "02_ControlFlow", "ControlFlow\02_ControlFlow.csproj", "{A4589BBA-E4DC-4F38-B957-682EFB7D9457}"
EndProject
Project("{9A19103F-16F7-4668-BE54-9A1E7A4F7556}") = "03_Parsing", "Parsing\03_Parsing.csproj", "{21EC82F2-C4D9-4900-B442-0389B8DDF19E}"
EndProject
Project("{9A19103F-16F7-4668-BE54-9A1E7A4F7556}") = "04_CastConvert", "CastConvert\04_CastConvert.csproj", "{6364F456-ABAB-409D-8C5A-239BE42EEE40}"
EndProject
Project("{9A19103F-16F7-4668-BE54-9A1E7A4F7556}") = "05_Iteration", "Iteration\05_Iteration.csproj", "{03F1E412-8B0E-4634-9CC4-E945C7D9C62B}"
EndProject
Project("{9A19103F-16F7-4668-BE54-9A1E7A4F7556}") = "06_Collections", "Collections\06_Collections.csproj", "{240B1D37-DCEB-4585-A352-8BE8B15E38F4}"
EndProject
Project("{9A19103F-16F7-4668-BE54-9A1E7A4F7556}") = "01_Types", "Types\01_Types.csproj", "{9A4FFA8B-D227-4B5A-BDE8-ECFC4C282EC5}"
EndProject
Project("{9A19103F-16F7-4668-BE54-9A1E7A4F7556}") = "02_Null", "Null\02_Null.csproj", "{D2F40600-11CC-41AB-8AF2-CD3BBB36F5B7}"
EndProject
Project("{9A19103F-16F7-4668-BE54-9A1E7A4F7556}") = "01_Members", "Members\01_Members.csproj", "{32C7EFBF-13A0-4A3A-831D-E8B51CEEE856}"
EndProject
Project("{9A19103F-16F7-4668-BE54-9A1E7A4F7556}") = "01_Class", "Class\01_Class.csproj", "{AC20B3C4-7CA1-41E9-8D67-B30D87C54A54}"
EndProject
Project("{9A19103F-16F7-4668-BE54-9A1E7A4F7556}") = "02_Interface", "Interface\02_Interface.csproj", "{31360A5D-EAD7-4D32-BFA8-5372107A33AA}"
EndProject
Project("{9A19103F-16F7-4668-BE54-9A1E7A4F7556}") = "04_Dynamic", "Dynamic\04_Dynamic.csproj", "{D6446F00-9FC6-4B14-9D1C-09501B6DA8AD}"
EndProject
Project("{9A19103F-16F7-4668-BE54-9A1E7A4F7556}") = "05_String", "String\05_String.csproj", "{EBA2A212-7E7D-4F6E-BC2E-BDEC715A0BEB}"
EndProject
Project("{9A19103F-16F7-4668-BE54-9A1E7A4F7556}") = "06_Object", "Object\06_Object.csproj", "{CCDE62B7-4AC0-4059-8699-B0962749B494}"
EndProject
Project("{9A19103F-16F7-4668-BE54-9A1E7A4F7556}") = "07_Record", "Record\07_Record.csproj", "{6E27B2A5-EA54-4F47-86CC-2ECD3A2437DF}"
EndProject
Project("{9A19103F-16F7-4668-BE54-9A1E7A4F7556}") = "01_Struct", "Struct\01_Struct.csproj", "{1F17C9DE-B2EA-4BD9-81C4-CDBB64CAEA22}"
EndProject
Project("{9A19103F-16F7-4668-BE54-9A1E7A4F7556}") = "02_Enum", "Enum\02_Enum.csproj", "{C9F7FE51-44E7-4A13-A299-0D6D18FA3E80}"
EndProject
Project("{9A19103F-16F7-4668-BE54-9A1E7A4F7556}") = "03_Tuple", "Tuple\03_Tuple.csproj", "{F891EDED-BC76-4D24-9965-8AD3E66DD585}"
EndProject
Project("{9A19103F-16F7-4668-BE54-9A1E7A4F7556}") = "01_OOP", "OOP\01_OOP.csproj", "{8376A40E-A7E5-41E4-B26B-54C3DF0179EB}"
EndProject
Project("{9A19103F-16F7-4668-BE54-9A1E7A4F7556}") = "01_Excercises", "Excercises\01_Excercises.csproj", "{40F3BFD8-D877-4CA7-821D-862FC207C163}"
EndProject
Project("{9A19103F-16F7-4668-BE54-9A1E7A4F7556}") = "08_ShortestLongestWord", "ShortestLongestWord\08_ShortestLongestWord.csproj", "{BCC86A23-8442-400C-88A9-E2DBA7B06488}"
EndProject
Project("{9A19103F-16F7-4668-BE54-9A1E7A4F7556}") = "04_BaseValueTypes", "BaseValueTypes\04_BaseValueTypes.csproj", "{2E0C666F-2060-4C01-B71D-F773112663CF}"
EndProject
Project("{2150E333-8FDC-42A3-9474-1A3956D46DE8}") = "03 Nuget", "03 Nuget", "{2DD28AC2-5562-4B10-A437-30BD1A369039}"
EndProject
Project("{9A19103F-16F7-4668-BE54-9A1E7A4F7556}") = "03_DelegateActionFunc", "DelegateActionFunc\03_DelegateActionFunc.csproj", "{C78D0433-03D2-4097-840B-97F1C4A84531}"
EndProject
Project("{2150E333-8FDC-42A3-9474-1A3956D46DE8}") = "Excercises", "Excercises", "{36AC8078-F328-4F43-92C6-8FB998A5463B}"
EndProject
Project("{FAE04EC0-301F-11D3-BF4B-00C04F79EFBC}") = "01_NullCheck", "NullCheck\01_NullCheck.csproj", "{B312DD24-9E93-46FB-A622-1DC0A018FA57}"
EndProject
Project("{2150E333-8FDC-42A3-9474-1A3956D46DE8}") = "_Excercises", "_Excercises", "{A512CF29-DF75-4AAC-B738-B3ADC860B9E4}"
EndProject
Project("{2150E333-8FDC-42A3-9474-1A3956D46DE8}") = "Class", "Class", "{1102D618-6F86-401C-B371-03F10A01701A}"
EndProject
Project("{FAE04EC0-301F-11D3-BF4B-00C04F79EFBC}") = "CashMart", "CashMart\CashMart.csproj", "{B5741B87-090B-4250-B820-CFC031F54F63}"
EndProject
Project("{2150E333-8FDC-42A3-9474-1A3956D46DE8}") = "04 Reflection", "04 Reflection", "{80EE142F-E106-4209-B086-90AA539C4E51}"
EndProject
Global
	GlobalSection(SolutionConfigurationPlatforms) = preSolution
		Debug|Any CPU = Debug|Any CPU
		Release|Any CPU = Release|Any CPU
	EndGlobalSection
	GlobalSection(ProjectConfigurationPlatforms) = postSolution
		{4BD76354-07EC-4757-A048-141CEF906CC3}.Debug|Any CPU.ActiveCfg = Debug|Any CPU
		{4BD76354-07EC-4757-A048-141CEF906CC3}.Debug|Any CPU.Build.0 = Debug|Any CPU
		{4BD76354-07EC-4757-A048-141CEF906CC3}.Release|Any CPU.ActiveCfg = Release|Any CPU
		{4BD76354-07EC-4757-A048-141CEF906CC3}.Release|Any CPU.Build.0 = Release|Any CPU
		{90F0866A-0F52-4D19-9F94-189AC00E3B03}.Debug|Any CPU.ActiveCfg = Debug|Any CPU
		{90F0866A-0F52-4D19-9F94-189AC00E3B03}.Debug|Any CPU.Build.0 = Debug|Any CPU
		{90F0866A-0F52-4D19-9F94-189AC00E3B03}.Release|Any CPU.ActiveCfg = Release|Any CPU
		{90F0866A-0F52-4D19-9F94-189AC00E3B03}.Release|Any CPU.Build.0 = Release|Any CPU
		{30226A91-ADFC-49BD-ACB3-3119DA899778}.Debug|Any CPU.ActiveCfg = Debug|Any CPU
		{30226A91-ADFC-49BD-ACB3-3119DA899778}.Debug|Any CPU.Build.0 = Debug|Any CPU
		{30226A91-ADFC-49BD-ACB3-3119DA899778}.Release|Any CPU.ActiveCfg = Release|Any CPU
		{30226A91-ADFC-49BD-ACB3-3119DA899778}.Release|Any CPU.Build.0 = Release|Any CPU
		{5807047C-A33C-4680-B257-1D5CD2EC8309}.Debug|Any CPU.ActiveCfg = Debug|Any CPU
		{5807047C-A33C-4680-B257-1D5CD2EC8309}.Debug|Any CPU.Build.0 = Debug|Any CPU
		{5807047C-A33C-4680-B257-1D5CD2EC8309}.Release|Any CPU.ActiveCfg = Release|Any CPU
		{5807047C-A33C-4680-B257-1D5CD2EC8309}.Release|Any CPU.Build.0 = Release|Any CPU
		{3C6F7A61-1BC3-41BB-B887-1156B82AF62A}.Debug|Any CPU.ActiveCfg = Debug|Any CPU
		{3C6F7A61-1BC3-41BB-B887-1156B82AF62A}.Debug|Any CPU.Build.0 = Debug|Any CPU
		{3C6F7A61-1BC3-41BB-B887-1156B82AF62A}.Release|Any CPU.ActiveCfg = Release|Any CPU
		{3C6F7A61-1BC3-41BB-B887-1156B82AF62A}.Release|Any CPU.Build.0 = Release|Any CPU
		{5E8A2CD1-D0E1-45F3-98F7-CA08129A53EE}.Debug|Any CPU.ActiveCfg = Debug|Any CPU
		{5E8A2CD1-D0E1-45F3-98F7-CA08129A53EE}.Debug|Any CPU.Build.0 = Debug|Any CPU
		{5E8A2CD1-D0E1-45F3-98F7-CA08129A53EE}.Release|Any CPU.ActiveCfg = Release|Any CPU
		{5E8A2CD1-D0E1-45F3-98F7-CA08129A53EE}.Release|Any CPU.Build.0 = Release|Any CPU
		{47D5E874-9DB2-4F4E-B3A8-61CF7888FF4A}.Debug|Any CPU.ActiveCfg = Debug|Any CPU
		{47D5E874-9DB2-4F4E-B3A8-61CF7888FF4A}.Debug|Any CPU.Build.0 = Debug|Any CPU
		{47D5E874-9DB2-4F4E-B3A8-61CF7888FF4A}.Release|Any CPU.ActiveCfg = Release|Any CPU
		{47D5E874-9DB2-4F4E-B3A8-61CF7888FF4A}.Release|Any CPU.Build.0 = Release|Any CPU
		{AB9F8737-950F-4AEA-A758-2E3D3D661DA3}.Debug|Any CPU.ActiveCfg = Debug|Any CPU
		{AB9F8737-950F-4AEA-A758-2E3D3D661DA3}.Debug|Any CPU.Build.0 = Debug|Any CPU
		{AB9F8737-950F-4AEA-A758-2E3D3D661DA3}.Release|Any CPU.ActiveCfg = Release|Any CPU
		{AB9F8737-950F-4AEA-A758-2E3D3D661DA3}.Release|Any CPU.Build.0 = Release|Any CPU
		{2C915F58-C336-4091-825C-64B89472D8F9}.Debug|Any CPU.ActiveCfg = Debug|Any CPU
		{2C915F58-C336-4091-825C-64B89472D8F9}.Debug|Any CPU.Build.0 = Debug|Any CPU
		{2C915F58-C336-4091-825C-64B89472D8F9}.Release|Any CPU.ActiveCfg = Release|Any CPU
		{2C915F58-C336-4091-825C-64B89472D8F9}.Release|Any CPU.Build.0 = Release|Any CPU
		{5E85FA67-5361-443A-AF29-0393889DB9AC}.Debug|Any CPU.ActiveCfg = Debug|Any CPU
		{5E85FA67-5361-443A-AF29-0393889DB9AC}.Debug|Any CPU.Build.0 = Debug|Any CPU
		{5E85FA67-5361-443A-AF29-0393889DB9AC}.Release|Any CPU.ActiveCfg = Release|Any CPU
		{5E85FA67-5361-443A-AF29-0393889DB9AC}.Release|Any CPU.Build.0 = Release|Any CPU
		{0277CDC0-F129-42AA-A7F4-0F8D13BC6B56}.Debug|Any CPU.ActiveCfg = Debug|Any CPU
		{0277CDC0-F129-42AA-A7F4-0F8D13BC6B56}.Debug|Any CPU.Build.0 = Debug|Any CPU
		{0277CDC0-F129-42AA-A7F4-0F8D13BC6B56}.Release|Any CPU.ActiveCfg = Release|Any CPU
		{0277CDC0-F129-42AA-A7F4-0F8D13BC6B56}.Release|Any CPU.Build.0 = Release|Any CPU
		{A4589BBA-E4DC-4F38-B957-682EFB7D9457}.Debug|Any CPU.ActiveCfg = Debug|Any CPU
		{A4589BBA-E4DC-4F38-B957-682EFB7D9457}.Debug|Any CPU.Build.0 = Debug|Any CPU
		{A4589BBA-E4DC-4F38-B957-682EFB7D9457}.Release|Any CPU.ActiveCfg = Release|Any CPU
		{A4589BBA-E4DC-4F38-B957-682EFB7D9457}.Release|Any CPU.Build.0 = Release|Any CPU
		{21EC82F2-C4D9-4900-B442-0389B8DDF19E}.Debug|Any CPU.ActiveCfg = Debug|Any CPU
		{21EC82F2-C4D9-4900-B442-0389B8DDF19E}.Debug|Any CPU.Build.0 = Debug|Any CPU
		{21EC82F2-C4D9-4900-B442-0389B8DDF19E}.Release|Any CPU.ActiveCfg = Release|Any CPU
		{21EC82F2-C4D9-4900-B442-0389B8DDF19E}.Release|Any CPU.Build.0 = Release|Any CPU
		{6364F456-ABAB-409D-8C5A-239BE42EEE40}.Debug|Any CPU.ActiveCfg = Debug|Any CPU
		{6364F456-ABAB-409D-8C5A-239BE42EEE40}.Debug|Any CPU.Build.0 = Debug|Any CPU
		{6364F456-ABAB-409D-8C5A-239BE42EEE40}.Release|Any CPU.ActiveCfg = Release|Any CPU
		{6364F456-ABAB-409D-8C5A-239BE42EEE40}.Release|Any CPU.Build.0 = Release|Any CPU
		{03F1E412-8B0E-4634-9CC4-E945C7D9C62B}.Debug|Any CPU.ActiveCfg = Debug|Any CPU
		{03F1E412-8B0E-4634-9CC4-E945C7D9C62B}.Debug|Any CPU.Build.0 = Debug|Any CPU
		{03F1E412-8B0E-4634-9CC4-E945C7D9C62B}.Release|Any CPU.ActiveCfg = Release|Any CPU
		{03F1E412-8B0E-4634-9CC4-E945C7D9C62B}.Release|Any CPU.Build.0 = Release|Any CPU
		{240B1D37-DCEB-4585-A352-8BE8B15E38F4}.Debug|Any CPU.ActiveCfg = Debug|Any CPU
		{240B1D37-DCEB-4585-A352-8BE8B15E38F4}.Debug|Any CPU.Build.0 = Debug|Any CPU
		{240B1D37-DCEB-4585-A352-8BE8B15E38F4}.Release|Any CPU.ActiveCfg = Release|Any CPU
		{240B1D37-DCEB-4585-A352-8BE8B15E38F4}.Release|Any CPU.Build.0 = Release|Any CPU
		{9A4FFA8B-D227-4B5A-BDE8-ECFC4C282EC5}.Debug|Any CPU.ActiveCfg = Debug|Any CPU
		{9A4FFA8B-D227-4B5A-BDE8-ECFC4C282EC5}.Debug|Any CPU.Build.0 = Debug|Any CPU
		{9A4FFA8B-D227-4B5A-BDE8-ECFC4C282EC5}.Release|Any CPU.ActiveCfg = Release|Any CPU
		{9A4FFA8B-D227-4B5A-BDE8-ECFC4C282EC5}.Release|Any CPU.Build.0 = Release|Any CPU
		{D2F40600-11CC-41AB-8AF2-CD3BBB36F5B7}.Debug|Any CPU.ActiveCfg = Debug|Any CPU
		{D2F40600-11CC-41AB-8AF2-CD3BBB36F5B7}.Debug|Any CPU.Build.0 = Debug|Any CPU
		{D2F40600-11CC-41AB-8AF2-CD3BBB36F5B7}.Release|Any CPU.ActiveCfg = Release|Any CPU
		{D2F40600-11CC-41AB-8AF2-CD3BBB36F5B7}.Release|Any CPU.Build.0 = Release|Any CPU
		{32C7EFBF-13A0-4A3A-831D-E8B51CEEE856}.Debug|Any CPU.ActiveCfg = Debug|Any CPU
		{32C7EFBF-13A0-4A3A-831D-E8B51CEEE856}.Debug|Any CPU.Build.0 = Debug|Any CPU
		{32C7EFBF-13A0-4A3A-831D-E8B51CEEE856}.Release|Any CPU.ActiveCfg = Release|Any CPU
		{32C7EFBF-13A0-4A3A-831D-E8B51CEEE856}.Release|Any CPU.Build.0 = Release|Any CPU
		{AC20B3C4-7CA1-41E9-8D67-B30D87C54A54}.Debug|Any CPU.ActiveCfg = Debug|Any CPU
		{AC20B3C4-7CA1-41E9-8D67-B30D87C54A54}.Debug|Any CPU.Build.0 = Debug|Any CPU
		{AC20B3C4-7CA1-41E9-8D67-B30D87C54A54}.Release|Any CPU.ActiveCfg = Release|Any CPU
		{AC20B3C4-7CA1-41E9-8D67-B30D87C54A54}.Release|Any CPU.Build.0 = Release|Any CPU
		{31360A5D-EAD7-4D32-BFA8-5372107A33AA}.Debug|Any CPU.ActiveCfg = Debug|Any CPU
		{31360A5D-EAD7-4D32-BFA8-5372107A33AA}.Debug|Any CPU.Build.0 = Debug|Any CPU
		{31360A5D-EAD7-4D32-BFA8-5372107A33AA}.Release|Any CPU.ActiveCfg = Release|Any CPU
		{31360A5D-EAD7-4D32-BFA8-5372107A33AA}.Release|Any CPU.Build.0 = Release|Any CPU
		{D6446F00-9FC6-4B14-9D1C-09501B6DA8AD}.Debug|Any CPU.ActiveCfg = Debug|Any CPU
		{D6446F00-9FC6-4B14-9D1C-09501B6DA8AD}.Debug|Any CPU.Build.0 = Debug|Any CPU
		{D6446F00-9FC6-4B14-9D1C-09501B6DA8AD}.Release|Any CPU.ActiveCfg = Release|Any CPU
		{D6446F00-9FC6-4B14-9D1C-09501B6DA8AD}.Release|Any CPU.Build.0 = Release|Any CPU
		{EBA2A212-7E7D-4F6E-BC2E-BDEC715A0BEB}.Debug|Any CPU.ActiveCfg = Debug|Any CPU
		{EBA2A212-7E7D-4F6E-BC2E-BDEC715A0BEB}.Debug|Any CPU.Build.0 = Debug|Any CPU
		{EBA2A212-7E7D-4F6E-BC2E-BDEC715A0BEB}.Release|Any CPU.ActiveCfg = Release|Any CPU
		{EBA2A212-7E7D-4F6E-BC2E-BDEC715A0BEB}.Release|Any CPU.Build.0 = Release|Any CPU
		{CCDE62B7-4AC0-4059-8699-B0962749B494}.Debug|Any CPU.ActiveCfg = Debug|Any CPU
		{CCDE62B7-4AC0-4059-8699-B0962749B494}.Debug|Any CPU.Build.0 = Debug|Any CPU
		{CCDE62B7-4AC0-4059-8699-B0962749B494}.Release|Any CPU.ActiveCfg = Release|Any CPU
		{CCDE62B7-4AC0-4059-8699-B0962749B494}.Release|Any CPU.Build.0 = Release|Any CPU
		{6E27B2A5-EA54-4F47-86CC-2ECD3A2437DF}.Debug|Any CPU.ActiveCfg = Debug|Any CPU
		{6E27B2A5-EA54-4F47-86CC-2ECD3A2437DF}.Debug|Any CPU.Build.0 = Debug|Any CPU
		{6E27B2A5-EA54-4F47-86CC-2ECD3A2437DF}.Release|Any CPU.ActiveCfg = Release|Any CPU
		{6E27B2A5-EA54-4F47-86CC-2ECD3A2437DF}.Release|Any CPU.Build.0 = Release|Any CPU
		{1F17C9DE-B2EA-4BD9-81C4-CDBB64CAEA22}.Debug|Any CPU.ActiveCfg = Debug|Any CPU
		{1F17C9DE-B2EA-4BD9-81C4-CDBB64CAEA22}.Debug|Any CPU.Build.0 = Debug|Any CPU
		{1F17C9DE-B2EA-4BD9-81C4-CDBB64CAEA22}.Release|Any CPU.ActiveCfg = Release|Any CPU
		{1F17C9DE-B2EA-4BD9-81C4-CDBB64CAEA22}.Release|Any CPU.Build.0 = Release|Any CPU
		{C9F7FE51-44E7-4A13-A299-0D6D18FA3E80}.Debug|Any CPU.ActiveCfg = Debug|Any CPU
		{C9F7FE51-44E7-4A13-A299-0D6D18FA3E80}.Debug|Any CPU.Build.0 = Debug|Any CPU
		{C9F7FE51-44E7-4A13-A299-0D6D18FA3E80}.Release|Any CPU.ActiveCfg = Release|Any CPU
		{C9F7FE51-44E7-4A13-A299-0D6D18FA3E80}.Release|Any CPU.Build.0 = Release|Any CPU
		{F891EDED-BC76-4D24-9965-8AD3E66DD585}.Debug|Any CPU.ActiveCfg = Debug|Any CPU
		{F891EDED-BC76-4D24-9965-8AD3E66DD585}.Debug|Any CPU.Build.0 = Debug|Any CPU
		{F891EDED-BC76-4D24-9965-8AD3E66DD585}.Release|Any CPU.ActiveCfg = Release|Any CPU
		{F891EDED-BC76-4D24-9965-8AD3E66DD585}.Release|Any CPU.Build.0 = Release|Any CPU
		{8376A40E-A7E5-41E4-B26B-54C3DF0179EB}.Debug|Any CPU.ActiveCfg = Debug|Any CPU
		{8376A40E-A7E5-41E4-B26B-54C3DF0179EB}.Debug|Any CPU.Build.0 = Debug|Any CPU
		{8376A40E-A7E5-41E4-B26B-54C3DF0179EB}.Release|Any CPU.ActiveCfg = Release|Any CPU
		{8376A40E-A7E5-41E4-B26B-54C3DF0179EB}.Release|Any CPU.Build.0 = Release|Any CPU
		{40F3BFD8-D877-4CA7-821D-862FC207C163}.Debug|Any CPU.ActiveCfg = Debug|Any CPU
		{40F3BFD8-D877-4CA7-821D-862FC207C163}.Debug|Any CPU.Build.0 = Debug|Any CPU
		{40F3BFD8-D877-4CA7-821D-862FC207C163}.Release|Any CPU.ActiveCfg = Release|Any CPU
		{40F3BFD8-D877-4CA7-821D-862FC207C163}.Release|Any CPU.Build.0 = Release|Any CPU
		{BCC86A23-8442-400C-88A9-E2DBA7B06488}.Debug|Any CPU.ActiveCfg = Debug|Any CPU
		{BCC86A23-8442-400C-88A9-E2DBA7B06488}.Debug|Any CPU.Build.0 = Debug|Any CPU
		{BCC86A23-8442-400C-88A9-E2DBA7B06488}.Release|Any CPU.ActiveCfg = Release|Any CPU
		{BCC86A23-8442-400C-88A9-E2DBA7B06488}.Release|Any CPU.Build.0 = Release|Any CPU
		{2E0C666F-2060-4C01-B71D-F773112663CF}.Debug|Any CPU.ActiveCfg = Debug|Any CPU
		{2E0C666F-2060-4C01-B71D-F773112663CF}.Debug|Any CPU.Build.0 = Debug|Any CPU
		{2E0C666F-2060-4C01-B71D-F773112663CF}.Release|Any CPU.ActiveCfg = Release|Any CPU
		{2E0C666F-2060-4C01-B71D-F773112663CF}.Release|Any CPU.Build.0 = Release|Any CPU
		{C78D0433-03D2-4097-840B-97F1C4A84531}.Debug|Any CPU.ActiveCfg = Debug|Any CPU
		{C78D0433-03D2-4097-840B-97F1C4A84531}.Debug|Any CPU.Build.0 = Debug|Any CPU
		{C78D0433-03D2-4097-840B-97F1C4A84531}.Release|Any CPU.ActiveCfg = Release|Any CPU
		{C78D0433-03D2-4097-840B-97F1C4A84531}.Release|Any CPU.Build.0 = Release|Any CPU
		{B312DD24-9E93-46FB-A622-1DC0A018FA57}.Debug|Any CPU.ActiveCfg = Debug|Any CPU
		{B312DD24-9E93-46FB-A622-1DC0A018FA57}.Debug|Any CPU.Build.0 = Debug|Any CPU
		{B312DD24-9E93-46FB-A622-1DC0A018FA57}.Release|Any CPU.ActiveCfg = Release|Any CPU
		{B312DD24-9E93-46FB-A622-1DC0A018FA57}.Release|Any CPU.Build.0 = Release|Any CPU
		{B5741B87-090B-4250-B820-CFC031F54F63}.Debug|Any CPU.ActiveCfg = Debug|Any CPU
		{B5741B87-090B-4250-B820-CFC031F54F63}.Debug|Any CPU.Build.0 = Debug|Any CPU
		{B5741B87-090B-4250-B820-CFC031F54F63}.Release|Any CPU.ActiveCfg = Release|Any CPU
		{B5741B87-090B-4250-B820-CFC031F54F63}.Release|Any CPU.Build.0 = Release|Any CPU
	EndGlobalSection
	GlobalSection(SolutionProperties) = preSolution
		HideSolutionNode = FALSE
	EndGlobalSection
	GlobalSection(NestedProjects) = preSolution
		{4BD76354-07EC-4757-A048-141CEF906CC3} = {608E01CE-94FD-475B-B95D-EF0B50F4B5EF}
		{90F0866A-0F52-4D19-9F94-189AC00E3B03} = {6FB533AF-5F06-4D75-8A71-459C6936DAFE}
		{30226A91-ADFC-49BD-ACB3-3119DA899778} = {6FB533AF-5F06-4D75-8A71-459C6936DAFE}
		{5807047C-A33C-4680-B257-1D5CD2EC8309} = {6FB533AF-5F06-4D75-8A71-459C6936DAFE}
		{3C6F7A61-1BC3-41BB-B887-1156B82AF62A} = {6FB533AF-5F06-4D75-8A71-459C6936DAFE}
		{5E8A2CD1-D0E1-45F3-98F7-CA08129A53EE} = {6FB533AF-5F06-4D75-8A71-459C6936DAFE}
		{47D5E874-9DB2-4F4E-B3A8-61CF7888FF4A} = {6FB533AF-5F06-4D75-8A71-459C6936DAFE}
		{AB9F8737-950F-4AEA-A758-2E3D3D661DA3} = {608E01CE-94FD-475B-B95D-EF0B50F4B5EF}
		{2C915F58-C336-4091-825C-64B89472D8F9} = {608E01CE-94FD-475B-B95D-EF0B50F4B5EF}
		{5E85FA67-5361-443A-AF29-0393889DB9AC} = {608E01CE-94FD-475B-B95D-EF0B50F4B5EF}
		{6FB533AF-5F06-4D75-8A71-459C6936DAFE} = {608E01CE-94FD-475B-B95D-EF0B50F4B5EF}
		{10CA6402-D2CA-40DB-A0CA-EF0076E0CD19} = {7DE9F356-6482-4E3D-8F84-3B085DF57816}
		{84B86FF6-B7E3-4628-B7D7-107EBBD25F9F} = {7DE9F356-6482-4E3D-8F84-3B085DF57816}
		{AB6ED209-DB43-4A46-ADEC-500210F85316} = {7DE9F356-6482-4E3D-8F84-3B085DF57816}
		{8055F9B5-CA00-4682-A427-3438BA441D32} = {10CA6402-D2CA-40DB-A0CA-EF0076E0CD19}
		{23CB3DAF-9F53-4E9E-AD42-6BD4C44499DE} = {D4D7AF94-30D5-449B-9001-24E010FCFC95}
		{FE549E68-BC11-48EC-A92C-161D397E2DB7} = {D4D7AF94-30D5-449B-9001-24E010FCFC95}
		{50449CC4-9780-40B1-B6EE-67B4D8940071} = {D4D7AF94-30D5-449B-9001-24E010FCFC95}
		{BCF1B55C-F0C0-4FA4-90FF-BFE84C95AC16} = {D4D7AF94-30D5-449B-9001-24E010FCFC95}
		{E89A31A8-58F8-44E3-8350-DB9C70B1E38A} = {D4D7AF94-30D5-449B-9001-24E010FCFC95}
		{2EDB1B57-77A4-48E1-9A3A-36D9A4A544EE} = {4C6AB976-838A-4D95-A034-1CB3407E80EA}
		{14E7E5EE-B4A6-4152-A06A-A60484F2430F} = {4C6AB976-838A-4D95-A034-1CB3407E80EA}
		{A9A4E132-D1D4-4C43-9992-25E218116724} = {4C6AB976-838A-4D95-A034-1CB3407E80EA}
		{7637B2A7-07CA-4058-ABED-6A93E1A9C4E8} = {4C6AB976-838A-4D95-A034-1CB3407E80EA}
		{CF7438C9-5AE0-4A9B-814E-5D0BF758DCC6} = {4C6AB976-838A-4D95-A034-1CB3407E80EA}
		{FE5002A5-A259-4569-B665-2969C529A37D} = {7DE9F356-6482-4E3D-8F84-3B085DF57816}
		{0B4B2412-09D7-47FF-909E-60238361B57D} = {D2059413-321F-4CE7-AEA9-6B6B7C5EB293}
		{5F6DA800-833D-49DF-8D44-BA42807977CC} = {D2059413-321F-4CE7-AEA9-6B6B7C5EB293}
		{53B4AB13-528B-4524-817D-AADD0EEB94D9} = {D2059413-321F-4CE7-AEA9-6B6B7C5EB293}
		{BCB105DD-F410-4B8B-88A8-C4C999E39E4D} = {D2059413-321F-4CE7-AEA9-6B6B7C5EB293}
		{88122811-2298-4097-AA04-25D9024C9811} = {E33F782A-3098-483F-A557-88B490920436}
		{14E56B24-8C17-49F3-BCCF-4EE910AA7366} = {E33F782A-3098-483F-A557-88B490920436}
		{83693CC8-9885-4270-9338-EA648B50A958} = {6D2C7BA8-DC5B-4496-806F-6B0B40E7FB0B}
		{218E892B-8E1F-46D6-ACDA-637E40C5676A} = {6D2C7BA8-DC5B-4496-806F-6B0B40E7FB0B}
		{F8C62CFA-59AB-4FE1-B153-5E66E6EEBFD8} = {6D2C7BA8-DC5B-4496-806F-6B0B40E7FB0B}
		{0277CDC0-F129-42AA-A7F4-0F8D13BC6B56} = {FE5002A5-A259-4569-B665-2969C529A37D}
		{A4589BBA-E4DC-4F38-B957-682EFB7D9457} = {608E01CE-94FD-475B-B95D-EF0B50F4B5EF}
		{21EC82F2-C4D9-4900-B442-0389B8DDF19E} = {608E01CE-94FD-475B-B95D-EF0B50F4B5EF}
		{6364F456-ABAB-409D-8C5A-239BE42EEE40} = {608E01CE-94FD-475B-B95D-EF0B50F4B5EF}
		{03F1E412-8B0E-4634-9CC4-E945C7D9C62B} = {608E01CE-94FD-475B-B95D-EF0B50F4B5EF}
		{240B1D37-DCEB-4585-A352-8BE8B15E38F4} = {608E01CE-94FD-475B-B95D-EF0B50F4B5EF}
		{9A4FFA8B-D227-4B5A-BDE8-ECFC4C282EC5} = {AB6ED209-DB43-4A46-ADEC-500210F85316}
		{D2F40600-11CC-41AB-8AF2-CD3BBB36F5B7} = {AB6ED209-DB43-4A46-ADEC-500210F85316}
		{32C7EFBF-13A0-4A3A-831D-E8B51CEEE856} = {8055F9B5-CA00-4682-A427-3438BA441D32}
		{AC20B3C4-7CA1-41E9-8D67-B30D87C54A54} = {10CA6402-D2CA-40DB-A0CA-EF0076E0CD19}
		{31360A5D-EAD7-4D32-BFA8-5372107A33AA} = {10CA6402-D2CA-40DB-A0CA-EF0076E0CD19}
		{D6446F00-9FC6-4B14-9D1C-09501B6DA8AD} = {10CA6402-D2CA-40DB-A0CA-EF0076E0CD19}
		{EBA2A212-7E7D-4F6E-BC2E-BDEC715A0BEB} = {10CA6402-D2CA-40DB-A0CA-EF0076E0CD19}
		{CCDE62B7-4AC0-4059-8699-B0962749B494} = {10CA6402-D2CA-40DB-A0CA-EF0076E0CD19}
		{6E27B2A5-EA54-4F47-86CC-2ECD3A2437DF} = {10CA6402-D2CA-40DB-A0CA-EF0076E0CD19}
		{1F17C9DE-B2EA-4BD9-81C4-CDBB64CAEA22} = {84B86FF6-B7E3-4628-B7D7-107EBBD25F9F}
		{C9F7FE51-44E7-4A13-A299-0D6D18FA3E80} = {84B86FF6-B7E3-4628-B7D7-107EBBD25F9F}
		{F891EDED-BC76-4D24-9965-8AD3E66DD585} = {84B86FF6-B7E3-4628-B7D7-107EBBD25F9F}
		{8376A40E-A7E5-41E4-B26B-54C3DF0179EB} = {E89A31A8-58F8-44E3-8350-DB9C70B1E38A}
		{40F3BFD8-D877-4CA7-821D-862FC207C163} = {6FB533AF-5F06-4D75-8A71-459C6936DAFE}
		{BCC86A23-8442-400C-88A9-E2DBA7B06488} = {6FB533AF-5F06-4D75-8A71-459C6936DAFE}
		{2E0C666F-2060-4C01-B71D-F773112663CF} = {84B86FF6-B7E3-4628-B7D7-107EBBD25F9F}
		{2DD28AC2-5562-4B10-A437-30BD1A369039} = {E33F782A-3098-483F-A557-88B490920436}
		{C78D0433-03D2-4097-840B-97F1C4A84531} = {10CA6402-D2CA-40DB-A0CA-EF0076E0CD19}
		{36AC8078-F328-4F43-92C6-8FB998A5463B} = {AB6ED209-DB43-4A46-ADEC-500210F85316}
		{B312DD24-9E93-46FB-A622-1DC0A018FA57} = {36AC8078-F328-4F43-92C6-8FB998A5463B}
		{A512CF29-DF75-4AAC-B738-B3ADC860B9E4} = {10CA6402-D2CA-40DB-A0CA-EF0076E0CD19}
		{1102D618-6F86-401C-B371-03F10A01701A} = {A512CF29-DF75-4AAC-B738-B3ADC860B9E4}
		{B5741B87-090B-4250-B820-CFC031F54F63} = {1102D618-6F86-401C-B371-03F10A01701A}
		{80EE142F-E106-4209-B086-90AA539C4E51} = {E33F782A-3098-483F-A557-88B490920436}
	EndGlobalSection
	GlobalSection(ExtensibilityGlobals) = postSolution
		SolutionGuid = {B3924855-373B-4CBC-92B3-C4791775D7BD}
	EndGlobalSection
EndGlobal
